{
    "_meta": {
        "hash": {
            "sha256": "1bdd8cbbb48a840793e4354a42378d3cc085cf283f492656acfb91832ae1edf8"
        },
        "pipfile-spec": 6,
        "requires": {
            "python_version": "3.10"
        },
        "sources": [
            {
                "name": "pypi",
                "url": "https://pypi.org/simple",
                "verify_ssl": true
            }
        ]
    },
    "default": {
        "asgiref": {
            "hashes": [
                "sha256:1d2880b792ae8757289136f1db2b7b99100ce959b2aa57fd69dab783d05afac4",
                "sha256:4a29362a6acebe09bf1d6640db38c1dc3d9217c68e6f9f6204d72667fc19a424"
            ],
            "markers": "python_version >= '3.7'",
            "version": "==3.5.2"
        },
        "django": {
            "hashes": [
                "sha256:031ccb717782f6af83a0063a1957686e87cb4581ea61b47b3e9addf60687989a",
                "sha256:032f8a6fc7cf05ccd1214e4a2e21dfcd6a23b9d575c6573cacc8c67828dbe642"
            ],
            "index": "pypi",
            "version": "==4.1"
        },
        "django-fontawesome-5": {
            "hashes": [
                "sha256:1be340e795a6a68ebd9ba5d75e26bd72a839515c351786ff45e16b90bf50c3a0",
                "sha256:4fc4a7f5d0fe6e10d542ac9f1c143ad5e92aa61c6f310ea297c3c26bfc6001dd"
            ],
            "index": "pypi",
            "version": "==1.0.18"
        },
        "django-phonenumber-field": {
            "hashes": [
                "sha256:188ca55b27ef1ac4d9b279d90ee3f1377ece6cd9ed8c63f0a66efd565bf9ad6f",
                "sha256:668db2e61559908ce8dcd660ac716262c7922cc29ec76ede3f9b88772992dc28"
            ],
            "index": "pypi",
            "version": "==6.3.0"
        },
        "sqlparse": {
            "hashes": [
                "sha256:0c00730c74263a94e5a9919ade150dfc3b19c574389985446148402998287dae",
                "sha256:48719e356bb8b42991bdbb1e8b83223757b93789c00910a616a071910ca4a64d"
            ],
            "markers": "python_version >= '3.5'",
            "version": "==0.4.2"
        }
    },
    "develop": {}
}
